
Microsoft Visual Studio Solution File, Format Version 12.00
# Visual Studio 15
Project("{FAE04EC0-301F-11D3-BF4B-00C04F79EFBC}") = "Unity.XR.Interaction.Toolkit.Samples.StarterAssets", "Unity.XR.Interaction.Toolkit.Samples.StarterAssets.csproj", "{C200F48A-D820-2762-A9EF-EDF883C37A45}"
EndProject
Project("{FAE04EC0-301F-11D3-BF4B-00C04F79EFBC}") = "Assembly-CSharp", "Assembly-CSharp.csproj", "{42B7BC17-8E4A-819F-E42D-EEF244F0D941}"
EndProject
Project("{FAE04EC0-301F-11D3-BF4B-00C04F79EFBC}") = "Unity.XR.Interaction.Toolkit.Samples.Hands.Editor", "Unity.XR.Interaction.Toolkit.Samples.Hands.Editor.csproj", "{59C9F688-CEA1-B5F1-3704-F4939CF326E8}"
EndProject
Project("{FAE04EC0-301F-11D3-BF4B-00C04F79EFBC}") = "Unity.XR.Interaction.Toolkit.Samples.Hands", "Unity.XR.Interaction.Toolkit.Samples.Hands.csproj", "{38FB4F40-9587-C8FA-94D0-A20C911E1880}"
EndProject
Project("{FAE04EC0-301F-11D3-BF4B-00C04F79EFBC}") = "Unity.XR.Hands.Samples.VisualizerSample", "Unity.XR.Hands.Samples.VisualizerSample.csproj", "{2C20B941-D1A2-3CD9-EE69-40DE731DF00C}"
EndProject
Project("{FAE04EC0-301F-11D3-BF4B-00C04F79EFBC}") = "Unity.XR.Interaction.Toolkit.Samples.StarterAssets.Editor", "Unity.XR.Interaction.Toolkit.Samples.StarterAssets.Editor.csproj", "{165988FC-DD0F-89EF-E09D-0A933F41AB3B}"
EndProject
Global
	GlobalSection(SolutionConfigurationPlatforms) = preSolution
		Debug|Any CPU = Debug|Any CPU
		Release|Any CPU = Release|Any CPU
	EndGlobalSection
	GlobalSection(ProjectConfigurationPlatforms) = postSolution
		{C200F48A-D820-2762-A9EF-EDF883C37A45}.Debug|Any CPU.ActiveCfg = Debug|Any CPU
		{C200F48A-D820-2762-A9EF-EDF883C37A45}.Debug|Any CPU.Build.0 = Debug|Any CPU
		{C200F48A-D820-2762-A9EF-EDF883C37A45}.Release|Any CPU.ActiveCfg = Release|Any CPU
		{C200F48A-D820-2762-A9EF-EDF883C37A45}.Release|Any CPU.Build.0 = Release|Any CPU
		{42B7BC17-8E4A-819F-E42D-EEF244F0D941}.Debug|Any CPU.ActiveCfg = Debug|Any CPU
		{42B7BC17-8E4A-819F-E42D-EEF244F0D941}.Debug|Any CPU.Build.0 = Debug|Any CPU
		{42B7BC17-8E4A-819F-E42D-EEF244F0D941}.Release|Any CPU.ActiveCfg = Release|Any CPU
		{42B7BC17-8E4A-819F-E42D-EEF244F0D941}.Release|Any CPU.Build.0 = Release|Any CPU
		{59C9F688-CEA1-B5F1-3704-F4939CF326E8}.Debug|Any CPU.ActiveCfg = Debug|Any CPU
		{59C9F688-CEA1-B5F1-3704-F4939CF326E8}.Debug|Any CPU.Build.0 = Debug|Any CPU
		{59C9F688-CEA1-B5F1-3704-F4939CF326E8}.Release|Any CPU.ActiveCfg = Release|Any CPU
		{59C9F688-CEA1-B5F1-3704-F4939CF326E8}.Release|Any CPU.Build.0 = Release|Any CPU
		{38FB4F40-9587-C8FA-94D0-A20C911E1880}.Debug|Any CPU.ActiveCfg = Debug|Any CPU
		{38FB4F40-9587-C8FA-94D0-A20C911E1880}.Debug|Any CPU.Build.0 = Debug|Any CPU
		{38FB4F40-9587-C8FA-94D0-A20C911E1880}.Release|Any CPU.ActiveCfg = Release|Any CPU
		{38FB4F40-9587-C8FA-94D0-A20C911E1880}.Release|Any CPU.Build.0 = Release|Any CPU
		{2C20B941-D1A2-3CD9-EE69-40DE731DF00C}.Debug|Any CPU.ActiveCfg = Debug|Any CPU
		{2C20B941-D1A2-3CD9-EE69-40DE731DF00C}.Debug|Any CPU.Build.0 = Debug|Any CPU
		{2C20B941-D1A2-3CD9-EE69-40DE731DF00C}.Release|Any CPU.ActiveCfg = Release|Any CPU
		{2C20B941-D1A2-3CD9-EE69-40DE731DF00C}.Release|Any CPU.Build.0 = Release|Any CPU
		{165988FC-DD0F-89EF-E09D-0A933F41AB3B}.Debug|Any CPU.ActiveCfg = Debug|Any CPU
		{165988FC-DD0F-89EF-E09D-0A933F41AB3B}.Debug|Any CPU.Build.0 = Debug|Any CPU
		{165988FC-DD0F-89EF-E09D-0A933F41AB3B}.Release|Any CPU.ActiveCfg = Release|Any CPU
		{165988FC-DD0F-89EF-E09D-0A933F41AB3B}.Release|Any CPU.Build.0 = Release|Any CPU
	EndGlobalSection
	GlobalSection(SolutionProperties) = preSolution
		HideSolutionNode = FALSE
	EndGlobalSection
EndGlobal
